
Microsoft Visual Studio Solution File, Format Version 12.00
# Visual Studio Version 17
VisualStudioVersion = 17.4.33110.190
MinimumVisualStudioVersion = 10.0.40219.1
Project("{9A19103F-16F7-4668-BE54-9A1E7A4F7556}") = "Repositories", "Repositories\Repositories.csproj", "{793BC6F7-EBAA-4219-9043-6C19508B4E37}"
EndProject
Project("{FAE04EC0-301F-11D3-BF4B-00C04F79EFBC}") = "AppServices", "AppServices\AppServices.csproj", "{F2CC8DB8-4FEF-4425-8D1E-D00861AF799A}"
EndProject
Global
	GlobalSection(SolutionConfigurationPlatforms) = preSolution
		Debug|Any CPU = Debug|Any CPU
		Release|Any CPU = Release|Any CPU
	EndGlobalSection
	GlobalSection(ProjectConfigurationPlatforms) = postSolution
		{793BC6F7-EBAA-4219-9043-6C19508B4E37}.Debug|Any CPU.ActiveCfg = Debug|Any CPU
		{793BC6F7-EBAA-4219-9043-6C19508B4E37}.Debug|Any CPU.Build.0 = Debug|Any CPU
		{793BC6F7-EBAA-4219-9043-6C19508B4E37}.Release|Any CPU.ActiveCfg = Release|Any CPU
		{793BC6F7-EBAA-4219-9043-6C19508B4E37}.Release|Any CPU.Build.0 = Release|Any CPU
		{F2CC8DB8-4FEF-4425-8D1E-D00861AF799A}.Debug|Any CPU.ActiveCfg = Debug|Any CPU
		{F2CC8DB8-4FEF-4425-8D1E-D00861AF799A}.Debug|Any CPU.Build.0 = Debug|Any CPU
		{F2CC8DB8-4FEF-4425-8D1E-D00861AF799A}.Release|Any CPU.ActiveCfg = Release|Any CPU
		{F2CC8DB8-4FEF-4425-8D1E-D00861AF799A}.Release|Any CPU.Build.0 = Release|Any CPU
	EndGlobalSection
	GlobalSection(SolutionProperties) = preSolution
		HideSolutionNode = FALSE
	EndGlobalSection
	GlobalSection(ExtensibilityGlobals) = postSolution
		SolutionGuid = {C9901992-0650-44A0-B2A0-3494229D751B}
	EndGlobalSection
EndGlobal
